
Microsoft Visual Studio Solution File, Format Version 12.00
# Visual Studio Version 16
VisualStudioVersion = 16.0.30011.22
MinimumVisualStudioVersion = 10.0.40219.1
Project("{FAE04EC0-301F-11D3-BF4B-00C04F79EFBC}") = "PractiaRecuerdo", "Principal\PractiaRecuerdo.csproj", "{DB2A0635-9220-4350-A53E-039ECE113A9B}"
EndProject
Global
	GlobalSection(SolutionConfigurationPlatforms) = preSolution
		Debug|Any CPU = Debug|Any CPU
		Release|Any CPU = Release|Any CPU
	EndGlobalSection
	GlobalSection(ProjectConfigurationPlatforms) = postSolution
		{DB2A0635-9220-4350-A53E-039ECE113A9B}.Debug|Any CPU.ActiveCfg = Debug|Any CPU
		{DB2A0635-9220-4350-A53E-039ECE113A9B}.Debug|Any CPU.Build.0 = Debug|Any CPU
		{DB2A0635-9220-4350-A53E-039ECE113A9B}.Release|Any CPU.ActiveCfg = Release|Any CPU
		{DB2A0635-9220-4350-A53E-039ECE113A9B}.Release|Any CPU.Build.0 = Release|Any CPU
	EndGlobalSection
	GlobalSection(SolutionProperties) = preSolution
		HideSolutionNode = FALSE
	EndGlobalSection
	GlobalSection(ExtensibilityGlobals) = postSolution
		SolutionGuid = {0DDD41E0-B7D2-4A12-B43B-0A1819EE0794}
	EndGlobalSection
EndGlobal
